
Microsoft Visual Studio Solution File, Format Version 12.00
Project("{2150E333-8FDC-42A3-9474-1A3956D46DE8}") = ".globals", ".globals", "{A3AF52AD-BBBD-4730-8078-DF4B313A5F4B}"
EndProject
Project("{2150E333-8FDC-42A3-9474-1A3956D46DE8}") = "Hosting", "Hosting", "{EE989023-6F51-472E-8066-535743B89936}"
EndProject
Project("{2150E333-8FDC-42A3-9474-1A3956D46DE8}") = "src", "src", "{7FFF808D-8C0A-449F-8B01-55937D1D9A72}"
	ProjectSection(SolutionItems) = preProject
		Directory.Build.props = Directory.Build.props
		Directory.Packages.props = Directory.Packages.props
	EndProjectSection
EndProject
Project("{2150E333-8FDC-42A3-9474-1A3956D46DE8}") = "Lab", "Lab", "{AF0B5F70-5F2B-4603-818A-EFF8A174BAEC}"
EndProject
Project("{2150E333-8FDC-42A3-9474-1A3956D46DE8}") = "typesense", "typesense", "{D7CFF351-F3BD-4BDC-B806-BF743C96A40C}"
EndProject
Project("{2150E333-8FDC-42A3-9474-1A3956D46DE8}") = "magic-media", "magic-media", "{B7708C1B-4CC3-4709-AF1C-88BB834DAF57}"
EndProject
Project("{FAE04EC0-301F-11D3-BF4B-00C04F79EFBC}") = "AppHost", "src\Hosting\AppHost\AppHost.csproj", "{FE80AAFD-2DB3-497D-8E6E-1FD5E8324BBC}"
EndProject
Project("{FAE04EC0-301F-11D3-BF4B-00C04F79EFBC}") = "ServiceDefaults", "src\Hosting\ServiceDefaults\ServiceDefaults.csproj", "{0A357882-8102-4BA6-B0FE-E6AB8E5B01CE}"
EndProject
Project("{FAE04EC0-301F-11D3-BF4B-00C04F79EFBC}") = "Web", "src\Hosting\Web\Web.csproj", "{B52EFEB8-D63A-4919-98BF-DA805B9675DC}"
EndProject
Project("{FAE04EC0-301F-11D3-BF4B-00C04F79EFBC}") = "Core", "src\Core\Core.csproj", "{F198E6DD-9834-4A2A-9640-A48036415A60}"
EndProject
Project("{FAE04EC0-301F-11D3-BF4B-00C04F79EFBC}") = "TypeSense.Context", "src\TypeSense.Context\TypeSense.Context.csproj", "{3B6BE9DA-6A9B-4A56-9541-34D0D56364DE}"
EndProject
Project("{FAE04EC0-301F-11D3-BF4B-00C04F79EFBC}") = "Typesense", "..\..\..\..\typesense-dotnet\src\Typesense\Typesense.csproj", "{7E0167A9-E727-414A-8DFE-34CB25FEE3E8}"
EndProject
Project("{FAE04EC0-301F-11D3-BF4B-00C04F79EFBC}") = "Core", "..\..\..\magic-media\src\Services\Core\Core.csproj", "{DFAC3199-FB91-4AF8-B960-1890BDE6C4E2}"
EndProject
Project("{FAE04EC0-301F-11D3-BF4B-00C04F79EFBC}") = "Abstractions", "..\..\..\magic-media\src\Services\Abstractions\Abstractions.csproj", "{12C93B00-DC26-422A-AFDD-304A18577AD5}"
EndProject
Project("{FAE04EC0-301F-11D3-BF4B-00C04F79EFBC}") = "Store.MongoDb", "..\..\..\magic-media\src\Services\Store.MongoDb\Store.MongoDb.csproj", "{005D929A-42BE-4DC4-9F81-F663517B3CDA}"
EndProject
Project("{FAE04EC0-301F-11D3-BF4B-00C04F79EFBC}") = "Lab.Worker", "..\..\..\anyding-playground\src\Lab.Worker\Lab.Worker.csproj", "{E37C4D47-0C14-4738-9A3F-C6A41954E692}"
EndProject
Global
	GlobalSection(SolutionConfigurationPlatforms) = preSolution
		Debug|Any CPU = Debug|Any CPU
		Release|Any CPU = Release|Any CPU
	EndGlobalSection
	GlobalSection(ProjectConfigurationPlatforms) = postSolution
		{FE80AAFD-2DB3-497D-8E6E-1FD5E8324BBC}.Debug|Any CPU.ActiveCfg = Debug|Any CPU
		{FE80AAFD-2DB3-497D-8E6E-1FD5E8324BBC}.Debug|Any CPU.Build.0 = Debug|Any CPU
		{FE80AAFD-2DB3-497D-8E6E-1FD5E8324BBC}.Release|Any CPU.ActiveCfg = Release|Any CPU
		{FE80AAFD-2DB3-497D-8E6E-1FD5E8324BBC}.Release|Any CPU.Build.0 = Release|Any CPU
		{0A357882-8102-4BA6-B0FE-E6AB8E5B01CE}.Debug|Any CPU.ActiveCfg = Debug|Any CPU
		{0A357882-8102-4BA6-B0FE-E6AB8E5B01CE}.Debug|Any CPU.Build.0 = Debug|Any CPU
		{0A357882-8102-4BA6-B0FE-E6AB8E5B01CE}.Release|Any CPU.ActiveCfg = Release|Any CPU
		{0A357882-8102-4BA6-B0FE-E6AB8E5B01CE}.Release|Any CPU.Build.0 = Release|Any CPU
		{B52EFEB8-D63A-4919-98BF-DA805B9675DC}.Debug|Any CPU.ActiveCfg = Debug|Any CPU
		{B52EFEB8-D63A-4919-98BF-DA805B9675DC}.Debug|Any CPU.Build.0 = Debug|Any CPU
		{B52EFEB8-D63A-4919-98BF-DA805B9675DC}.Release|Any CPU.ActiveCfg = Release|Any CPU
		{B52EFEB8-D63A-4919-98BF-DA805B9675DC}.Release|Any CPU.Build.0 = Release|Any CPU
		{F198E6DD-9834-4A2A-9640-A48036415A60}.Debug|Any CPU.ActiveCfg = Debug|Any CPU
		{F198E6DD-9834-4A2A-9640-A48036415A60}.Debug|Any CPU.Build.0 = Debug|Any CPU
		{F198E6DD-9834-4A2A-9640-A48036415A60}.Release|Any CPU.ActiveCfg = Release|Any CPU
		{F198E6DD-9834-4A2A-9640-A48036415A60}.Release|Any CPU.Build.0 = Release|Any CPU
		{3B6BE9DA-6A9B-4A56-9541-34D0D56364DE}.Debug|Any CPU.ActiveCfg = Debug|Any CPU
		{3B6BE9DA-6A9B-4A56-9541-34D0D56364DE}.Debug|Any CPU.Build.0 = Debug|Any CPU
		{3B6BE9DA-6A9B-4A56-9541-34D0D56364DE}.Release|Any CPU.ActiveCfg = Release|Any CPU
		{3B6BE9DA-6A9B-4A56-9541-34D0D56364DE}.Release|Any CPU.Build.0 = Release|Any CPU
		{DFAC3199-FB91-4AF8-B960-1890BDE6C4E2}.Debug|Any CPU.ActiveCfg = Debug|Any CPU
		{DFAC3199-FB91-4AF8-B960-1890BDE6C4E2}.Debug|Any CPU.Build.0 = Debug|Any CPU
		{DFAC3199-FB91-4AF8-B960-1890BDE6C4E2}.Release|Any CPU.ActiveCfg = Release|Any CPU
		{DFAC3199-FB91-4AF8-B960-1890BDE6C4E2}.Release|Any CPU.Build.0 = Release|Any CPU
		{12C93B00-DC26-422A-AFDD-304A18577AD5}.Debug|Any CPU.ActiveCfg = Debug|Any CPU
		{12C93B00-DC26-422A-AFDD-304A18577AD5}.Debug|Any CPU.Build.0 = Debug|Any CPU
		{12C93B00-DC26-422A-AFDD-304A18577AD5}.Release|Any CPU.ActiveCfg = Release|Any CPU
		{12C93B00-DC26-422A-AFDD-304A18577AD5}.Release|Any CPU.Build.0 = Release|Any CPU
		{005D929A-42BE-4DC4-9F81-F663517B3CDA}.Debug|Any CPU.ActiveCfg = Debug|Any CPU
		{005D929A-42BE-4DC4-9F81-F663517B3CDA}.Debug|Any CPU.Build.0 = Debug|Any CPU
		{005D929A-42BE-4DC4-9F81-F663517B3CDA}.Release|Any CPU.ActiveCfg = Release|Any CPU
		{005D929A-42BE-4DC4-9F81-F663517B3CDA}.Release|Any CPU.Build.0 = Release|Any CPU
		{E37C4D47-0C14-4738-9A3F-C6A41954E692}.Debug|Any CPU.ActiveCfg = Debug|Any CPU
		{E37C4D47-0C14-4738-9A3F-C6A41954E692}.Debug|Any CPU.Build.0 = Debug|Any CPU
		{E37C4D47-0C14-4738-9A3F-C6A41954E692}.Release|Any CPU.ActiveCfg = Release|Any CPU
		{E37C4D47-0C14-4738-9A3F-C6A41954E692}.Release|Any CPU.Build.0 = Release|Any CPU
	EndGlobalSection
	GlobalSection(NestedProjects) = preSolution
		{7FFF808D-8C0A-449F-8B01-55937D1D9A72} = {A3AF52AD-BBBD-4730-8078-DF4B313A5F4B}
		{FE80AAFD-2DB3-497D-8E6E-1FD5E8324BBC} = {EE989023-6F51-472E-8066-535743B89936}
		{0A357882-8102-4BA6-B0FE-E6AB8E5B01CE} = {EE989023-6F51-472E-8066-535743B89936}
		{B52EFEB8-D63A-4919-98BF-DA805B9675DC} = {EE989023-6F51-472E-8066-535743B89936}
		{3B6BE9DA-6A9B-4A56-9541-34D0D56364DE} = {D7CFF351-F3BD-4BDC-B806-BF743C96A40C}
		{7E0167A9-E727-414A-8DFE-34CB25FEE3E8} = {D7CFF351-F3BD-4BDC-B806-BF743C96A40C}
		{DFAC3199-FB91-4AF8-B960-1890BDE6C4E2} = {B7708C1B-4CC3-4709-AF1C-88BB834DAF57}
		{12C93B00-DC26-422A-AFDD-304A18577AD5} = {B7708C1B-4CC3-4709-AF1C-88BB834DAF57}
		{005D929A-42BE-4DC4-9F81-F663517B3CDA} = {B7708C1B-4CC3-4709-AF1C-88BB834DAF57}
		{E37C4D47-0C14-4738-9A3F-C6A41954E692} = {AF0B5F70-5F2B-4603-818A-EFF8A174BAEC}
	EndGlobalSection
EndGlobal
